
Microsoft Visual Studio Solution File, Format Version 12.00
# Visual Studio Version 17
VisualStudioVersion = 17.9.34723.18
MinimumVisualStudioVersion = 10.0.40219.1
Project("{FAE04EC0-301F-11D3-BF4B-00C04F79EFBC}") = "conifs.rms.base.api", "conifs.rms.base.api\conifs.rms.base.api.csproj", "{7FF06CE5-C2F7-406B-80B5-C31FFFD0FB6A}"
EndProject
Project("{FAE04EC0-301F-11D3-BF4B-00C04F79EFBC}") = "conifs.rms.business", "conifs.rms.business\conifs.rms.business.csproj", "{817568FE-D4CE-4927-9BD3-A8D490253EF5}"
EndProject
Project("{FAE04EC0-301F-11D3-BF4B-00C04F79EFBC}") = "conifs.rms.data", "conifs.rms.data\conifs.rms.data.csproj", "{61579C25-0E9C-4081-A8DE-37DE705A9C15}"
EndProject
Project("{FAE04EC0-301F-11D3-BF4B-00C04F79EFBC}") = "conifs.rms.dto", "conifs.rms.dto\conifs.rms.dto.csproj", "{7FB16294-60C0-4CA4-AD13-B772E7797931}"
EndProject
Global
	GlobalSection(SolutionConfigurationPlatforms) = preSolution
		Debug|Any CPU = Debug|Any CPU
		Release|Any CPU = Release|Any CPU
	EndGlobalSection
	GlobalSection(ProjectConfigurationPlatforms) = postSolution
		{7FF06CE5-C2F7-406B-80B5-C31FFFD0FB6A}.Debug|Any CPU.ActiveCfg = Debug|Any CPU
		{7FF06CE5-C2F7-406B-80B5-C31FFFD0FB6A}.Debug|Any CPU.Build.0 = Debug|Any CPU
		{7FF06CE5-C2F7-406B-80B5-C31FFFD0FB6A}.Release|Any CPU.ActiveCfg = Release|Any CPU
		{7FF06CE5-C2F7-406B-80B5-C31FFFD0FB6A}.Release|Any CPU.Build.0 = Release|Any CPU
		{817568FE-D4CE-4927-9BD3-A8D490253EF5}.Debug|Any CPU.ActiveCfg = Debug|Any CPU
		{817568FE-D4CE-4927-9BD3-A8D490253EF5}.Debug|Any CPU.Build.0 = Debug|Any CPU
		{817568FE-D4CE-4927-9BD3-A8D490253EF5}.Release|Any CPU.ActiveCfg = Release|Any CPU
		{817568FE-D4CE-4927-9BD3-A8D490253EF5}.Release|Any CPU.Build.0 = Release|Any CPU
		{61579C25-0E9C-4081-A8DE-37DE705A9C15}.Debug|Any CPU.ActiveCfg = Debug|Any CPU
		{61579C25-0E9C-4081-A8DE-37DE705A9C15}.Debug|Any CPU.Build.0 = Debug|Any CPU
		{61579C25-0E9C-4081-A8DE-37DE705A9C15}.Release|Any CPU.ActiveCfg = Release|Any CPU
		{61579C25-0E9C-4081-A8DE-37DE705A9C15}.Release|Any CPU.Build.0 = Release|Any CPU
		{7FB16294-60C0-4CA4-AD13-B772E7797931}.Debug|Any CPU.ActiveCfg = Debug|Any CPU
		{7FB16294-60C0-4CA4-AD13-B772E7797931}.Debug|Any CPU.Build.0 = Debug|Any CPU
		{7FB16294-60C0-4CA4-AD13-B772E7797931}.Release|Any CPU.ActiveCfg = Release|Any CPU
		{7FB16294-60C0-4CA4-AD13-B772E7797931}.Release|Any CPU.Build.0 = Release|Any CPU
	EndGlobalSection
	GlobalSection(SolutionProperties) = preSolution
		HideSolutionNode = FALSE
	EndGlobalSection
	GlobalSection(ExtensibilityGlobals) = postSolution
		SolutionGuid = {AC712658-38C1-4A26-BCA8-E6DAD27234A3}
	EndGlobalSection
EndGlobal
